{
  "name": "react-prac",
  "lockfileVersion": 2,
  "requires": true,
  "packages": {
    "": {
      "dependencies": {
        "typescript-tuple": "^5.0.1"
      }
    },
    "node_modules/typescript-compare": {
      "version": "0.0.2",
      "resolved": "https://registry.npmjs.org/typescript-compare/-/typescript-compare-0.0.2.tgz",
      "integrity": "sha512-8ja4j7pMHkfLJQO2/8tut7ub+J3Lw2S3061eJLFQcvs3tsmJKp8KG5NtpLn7KcY2w08edF74BSVN7qJS0U6oHA==",
      "dependencies": {
        "typescript-logic": "^0.0.0"
      }
    },
    "node_modules/typescript-logic": {
      "version": "0.0.0",
      "resolved": "https://registry.npmjs.org/typescript-logic/-/typescript-logic-0.0.0.tgz",
      "integrity": "sha512-zXFars5LUkI3zP492ls0VskH3TtdeHCqu0i7/duGt60i5IGPIpAHE/DWo5FqJ6EjQ15YKXrt+AETjv60Dat34Q=="
    },
    "node_modules/typescript-tuple": {
      "version": "5.0.1",
      "resolved": "https://registry.npmjs.org/typescript-tuple/-/typescript-tuple-5.0.1.tgz",
      "integrity": "sha512-QdAYG/L0vUwtJUVGHmp+Jt8/2l+gOMFwCwLpIhUHNDUxyLWOxuDR/2HWNUNGJtZJuoDvOF3yXMSeK9h90H0OiA==",
      "dependencies": {
        "typescript-compare": "^0.0.2"
      }
    }
  },
  "dependencies": {
    "typescript-compare": {
      "version": "0.0.2",
      "resolved": "https://registry.npmjs.org/typescript-compare/-/typescript-compare-0.0.2.tgz",
      "integrity": "sha512-8ja4j7pMHkfLJQO2/8tut7ub+J3Lw2S3061eJLFQcvs3tsmJKp8KG5NtpLn7KcY2w08edF74BSVN7qJS0U6oHA==",
      "requires": {
        "typescript-logic": "^0.0.0"
      }
    },
    "typescript-logic": {
      "version": "0.0.0",
      "resolved": "https://registry.npmjs.org/typescript-logic/-/typescript-logic-0.0.0.tgz",
      "integrity": "sha512-zXFars5LUkI3zP492ls0VskH3TtdeHCqu0i7/duGt60i5IGPIpAHE/DWo5FqJ6EjQ15YKXrt+AETjv60Dat34Q=="
    },
    "typescript-tuple": {
      "version": "5.0.1",
      "resolved": "https://registry.npmjs.org/typescript-tuple/-/typescript-tuple-5.0.1.tgz",
      "integrity": "sha512-QdAYG/L0vUwtJUVGHmp+Jt8/2l+gOMFwCwLpIhUHNDUxyLWOxuDR/2HWNUNGJtZJuoDvOF3yXMSeK9h90H0OiA==",
      "requires": {
        "typescript-compare": "^0.0.2"
      }
    }
  }
}
